
Microsoft Visual Studio Solution File, Format Version 12.00
# Visual Studio Version 17
VisualStudioVersion = 17.5.33502.453
MinimumVisualStudioVersion = 10.0.40219.1
Project("{FAE04EC0-301F-11D3-BF4B-00C04F79EFBC}") = "Exercicio03-Retangulo", "Exercicio03-Retangulo\Exercicio03-Retangulo.csproj", "{D63A2352-CE2D-4CCB-B2D2-1C0BF9D4CBED}"
EndProject
Global
	GlobalSection(SolutionConfigurationPlatforms) = preSolution
		Debug|Any CPU = Debug|Any CPU
		Release|Any CPU = Release|Any CPU
	EndGlobalSection
	GlobalSection(ProjectConfigurationPlatforms) = postSolution
		{D63A2352-CE2D-4CCB-B2D2-1C0BF9D4CBED}.Debug|Any CPU.ActiveCfg = Debug|Any CPU
		{D63A2352-CE2D-4CCB-B2D2-1C0BF9D4CBED}.Debug|Any CPU.Build.0 = Debug|Any CPU
		{D63A2352-CE2D-4CCB-B2D2-1C0BF9D4CBED}.Release|Any CPU.ActiveCfg = Release|Any CPU
		{D63A2352-CE2D-4CCB-B2D2-1C0BF9D4CBED}.Release|Any CPU.Build.0 = Release|Any CPU
	EndGlobalSection
	GlobalSection(SolutionProperties) = preSolution
		HideSolutionNode = FALSE
	EndGlobalSection
	GlobalSection(ExtensibilityGlobals) = postSolution
		SolutionGuid = {887BD3FE-1F45-44D9-8840-2DC55921998C}
	EndGlobalSection
EndGlobal
